<?xml version="1.0" encoding="utf-8"?>
<Project ToolsVersion="4.0" xmlns="http://schemas.microsoft.com/developer/msbuild/2003">
  <ItemGroup>
    <Filter Include="Source Files">
      <UniqueIdentifier>{4FC737F1-C7A5-4376-A066-2A32D752A2FF}</UniqueIdentifier>
      <Extensions>cpp;c;cc;cxx;c++;cppm;ixx;def;odl;idl;hpj;bat;asm;asmx</Extensions>
    </Filter>
    <Filter Include="Header Files">
      <UniqueIdentifier>{93995380-89BD-4b04-88EB-625FBE52EBFB}</UniqueIdentifier>
      <Extensions>h;hh;hpp;hxx;h++;hm;inl;inc;ipp;xsd</Extensions>
    </Filter>
    <Filter Include="Resource Files">
      <UniqueIdentifier>{67DA6AB6-F800-4c08-8B7A-83BB121AAD01}</UniqueIdentifier>
      <Extensions>rc;ico;cur;bmp;dlg;rc2;rct;bin;rgs;gif;jpg;jpeg;jpe;resx;tiff;tif;png;wav;mfcribbon-ms</Extensions>
    </Filter>
  </ItemGroup>
  <ItemGroup>
    <ClInclude Include="pch.h">
      <Filter>Header Files</Filter>
    </ClInclude>
    <ClInclude Include="ds3runtime\databaseaddress.h">
      <Filter>Header Files</Filter>
    </ClInclude>
    <ClInclude Include="ds3runtime\ds3runtime.h">
      <Filter>Header Files</Filter>
    </ClInclude>
    <ClInclude Include="ds3runtime\memory_util.h">
      <Filter>Header Files</Filter>
    </ClInclude>
    <ClInclude Include="ds3runtime\script_module.h">
      <Filter>Header Files</Filter>
    </ClInclude>
    <ClInclude Include="ds3runtime\async_module.h">
      <Filter>Header Files</Filter>
    </ClInclude>
    <ClInclude Include="ds3runtime\hooks\game_frame_hook.h">
      <Filter>Header Files</Filter>
    </ClInclude>
    <ClInclude Include="ds3runtime\hook.h">
      <Filter>Header Files</Filter>
    </ClInclude>
    <ClInclude Include="ds3runtime\hooks\lua_capture.h">
      <Filter>Header Files</Filter>
    </ClInclude>
    <ClInclude Include="ds3runtime\chr_ins.h">
      <Filter>Header Files</Filter>
    </ClInclude>
    <ClInclude Include="ds3runtime\player_ins.h">
      <Filter>Header Files</Filter>
    </ClInclude>
    <ClInclude Include="ds3runtime\sprj_bullet_state.h">
      <Filter>Header Files</Filter>
    </ClInclude>
    <ClInclude Include="ds3runtime\bullet_spawn.h">
      <Filter>Header Files</Filter>
    </ClInclude>
    <ClInclude Include="ds3runtime\scripts\sync_call_script.h">
      <Filter>Header Files</Filter>
    </ClInclude>
    <ClInclude Include="ds3runtime\player_network_session.h">
      <Filter>Header Files</Filter>
    </ClInclude>
    <ClInclude Include="ds3runtime\hooks\session_receive_hook.h">
      <Filter>Header Files</Filter>
    </ClInclude>
    <ClInclude Include="ds3runtime\scripts\king_crimson_protections.h">
      <Filter>Header Files</Filter>
    </ClInclude>
    <ClInclude Include="ds3runtime\boss\boss.h">
      <Filter>Header Files</Filter>
    </ClInclude>
    <ClInclude Include="ds3runtime\boss\player_boss.h">
      <Filter>Header Files</Filter>
    </ClInclude>
    <ClInclude Include="ds3runtime\hooks\session_send_hook.h">
      <Filter>Header Files</Filter>
    </ClInclude>
    <ClInclude Include="ds3runtime\hooks\play_animation_hook.h">
      <Filter>Header Files</Filter>
    </ClInclude>
    <ClInclude Include="ds3runtime\sprj_session_manager.h">
      <Filter>Header Files</Filter>
    </ClInclude>
    <ClInclude Include="ds3runtime\sprj_gaitem_ins.h">
      <Filter>Header Files</Filter>
    </ClInclude>
    <ClInclude Include="ds3runtime\sprj_gaitem_imp.h">
      <Filter>Header Files</Filter>
    </ClInclude>
    <ClInclude Include="ds3runtime\sprj_wep_gaitem_ins.h">
      <Filter>Header Files</Filter>
    </ClInclude>
    <ClInclude Include="ds3runtime\scripts\latency_simulator.h">
      <Filter>Header Files</Filter>
    </ClInclude>
    <ClInclude Include="ds3runtime\game_packet.h">
      <Filter>Header Files</Filter>
    </ClInclude>
    <ClInclude Include="ds3runtime\scripts\animation_id_handler.h">
      <Filter>Header Files</Filter>
    </ClInclude>
    <ClInclude Include="ds3runtime\hooks\throw_hook.h">
      <Filter>Header Files</Filter>
    </ClInclude>
    <ClInclude Include="ds3runtime\scripts\hotkey_manager.h">
      <Filter>Header Files</Filter>
    </ClInclude>
    <ClInclude Include="ds3runtime\misc_functions.h">
      <Filter>Header Files</Filter>
    </ClInclude>
    <ClInclude Include="ds3runtime\scripts\param_patcher.h">
      <Filter>Header Files</Filter>
    </ClInclude>
    <ClInclude Include="dependencies\pugiconfig.hpp">
      <Filter>Header Files</Filter>
    </ClInclude>
    <ClInclude Include="dependencies\pugixml.hpp">
      <Filter>Header Files</Filter>
    </ClInclude>
    <ClInclude Include="dist\pugixml.hpp">
      <Filter>Header Files</Filter>
    </ClInclude>
    <ClInclude Include="dist\pugiconfig.hpp">
      <Filter>Header Files</Filter>
    </ClInclude>
    <ClInclude Include="ds3runtime\scripts\reversal_ring_test.h">
      <Filter>Header Files</Filter>
    </ClInclude>
    <ClInclude Include="ds3runtime\scripts\reversal_ring_test_send.h">
      <Filter>Header Files</Filter>
    </ClInclude>
    <ClInclude Include="ds3runtime\hooks\sprj_chr_damage_module_hook.h">
      <Filter>Header Files</Filter>
    </ClInclude>
    <ClInclude Include="ds3runtime\scripts\dynamic_pvp_patch.h">
      <Filter>Header Files</Filter>
    </ClInclude>
    <ClInclude Include="ds3runtime\world_chr_man.h">
      <Filter>Header Files</Filter>
    </ClInclude>
    <ClInclude Include="ds3runtime\boss\ariandar_boss.h">
      <Filter>Header Files</Filter>
    </ClInclude>
    <ClInclude Include="ds3runtime\boss\standard_player_boss.h">
      <Filter>Header Files</Filter>
    </ClInclude>
    <ClInclude Include="ds3runtime\sprj_lua_event_condition_item.h">
      <Filter>Header Files</Filter>
    </ClInclude>
    <ClInclude Include="ds3runtime\scripts\face_data_capture.h">
      <Filter>Header Files</Filter>
    </ClInclude>
    <ClInclude Include="ds3runtime\scripts\bonk_sound_cosmetic.h">
      <Filter>Header Files</Filter>
    </ClInclude>
    <ClInclude Include="ds3runtime\equip_game_data.h">
      <Filter>Header Files</Filter>
    </ClInclude>
    <ClInclude Include="ds3runtime\scripts\imposter_sound_cosmetic.h">
      <Filter>Header Files</Filter>
    </ClInclude>
    <ClInclude Include="ds3runtime\scripts\fmod_system_handler.h">
      <Filter>Header Files</Filter>
    </ClInclude>
    <ClInclude Include="ds3runtime\scripts\repeat_players_filter.h">
      <Filter>Header Files</Filter>
    </ClInclude>
    <ClInclude Include="ds3runtime\scripts\npc_mod_test.h">
      <Filter>Header Files</Filter>
    </ClInclude>
    <ClInclude Include="ds3runtime\player_game_data.h">
      <Filter>Header Files</Filter>
    </ClInclude>
    <ClInclude Include="ds3runtime\game_data_man.h">
      <Filter>Header Files</Filter>
    </ClInclude>
    <ClInclude Include="ds3runtime\equip_inventory_data.h">
      <Filter>Header Files</Filter>
    </ClInclude>
    <ClInclude Include="ds3runtime\sprj_chr_data_module.h">
      <Filter>Header Files</Filter>
    </ClInclude>
    <ClInclude Include="ds3runtime\scripts\player_name_talk.h">
      <Filter>Header Files</Filter>
    </ClInclude>
    <ClInclude Include="ds3runtime\scripts\damage_update_test.h">
      <Filter>Header Files</Filter>
    </ClInclude>
    <ClInclude Include="ds3runtime\scripts\position_hide.h">
      <Filter>Header Files</Filter>
    </ClInclude>
    <ClInclude Include="ds3runtime\sprj_chr_damage_module.h">
      <Filter>Header Files</Filter>
    </ClInclude>
    <ClInclude Include="ds3runtime\scripts\interrupt_attacks.h">
      <Filter>Header Files</Filter>
    </ClInclude>
    <ClInclude Include="ds3runtime\game_option_man.h">
      <Filter>Header Files</Filter>
    </ClInclude>
  </ItemGroup>
  <ItemGroup>
    <ClCompile Include="pch.cpp">
      <Filter>Source Files</Filter>
    </ClCompile>
    <ClCompile Include="main.cpp">
      <Filter>Source Files</Filter>
    </ClCompile>
    <ClCompile Include="ds3runtime\ds3runtime.cpp">
      <Filter>Source Files</Filter>
    </ClCompile>
    <ClCompile Include="ds3runtime\databaseaddress.cpp">
      <Filter>Source Files</Filter>
    </ClCompile>
    <ClCompile Include="ds3runtime\script_module.cpp">
      <Filter>Source Files</Filter>
    </ClCompile>
    <ClCompile Include="ds3runtime\async_module.cpp">
      <Filter>Source Files</Filter>
    </ClCompile>
    <ClCompile Include="ds3runtime\hooks\game_frame_hook.cpp">
      <Filter>Source Files</Filter>
    </ClCompile>
    <ClCompile Include="ds3runtime\hook.cpp">
      <Filter>Source Files</Filter>
    </ClCompile>
    <ClCompile Include="ds3runtime\hooks\lua_capture.cpp">
      <Filter>Source Files</Filter>
    </ClCompile>
    <ClCompile Include="ds3runtime\chr_ins.cpp">
      <Filter>Source Files</Filter>
    </ClCompile>
    <ClCompile Include="ds3runtime\player_ins.cpp">
      <Filter>Source Files</Filter>
    </ClCompile>
    <ClCompile Include="ds3runtime\sprj_bullet_state.cpp">
      <Filter>Source Files</Filter>
    </ClCompile>
    <ClCompile Include="ds3runtime\bullet_spawn.cpp">
      <Filter>Source Files</Filter>
    </ClCompile>
    <ClCompile Include="ds3runtime\scripts\sync_call_script.cpp">
      <Filter>Source Files</Filter>
    </ClCompile>
    <ClCompile Include="ds3runtime\player_network_session.cpp">
      <Filter>Source Files</Filter>
    </ClCompile>
    <ClCompile Include="ds3runtime\hooks\session_receive_hook.cpp">
      <Filter>Source Files</Filter>
    </ClCompile>
    <ClCompile Include="ds3runtime\boss\boss.cpp">
      <Filter>Source Files</Filter>
    </ClCompile>
    <ClCompile Include="ds3runtime\boss\player_boss.cpp">
      <Filter>Source Files</Filter>
    </ClCompile>
    <ClCompile Include="ds3runtime\hooks\session_send_hook.cpp">
      <Filter>Source Files</Filter>
    </ClCompile>
    <ClCompile Include="ds3runtime\hooks\play_animation_hook.cpp">
      <Filter>Source Files</Filter>
    </ClCompile>
    <ClCompile Include="ds3runtime\sprj_session_manager.cpp">
      <Filter>Source Files</Filter>
    </ClCompile>
    <ClCompile Include="ds3runtime\sprj_gaitem_ins.cpp">
      <Filter>Source Files</Filter>
    </ClCompile>
    <ClCompile Include="ds3runtime\sprj_gaitem_imp.cpp">
      <Filter>Source Files</Filter>
    </ClCompile>
    <ClCompile Include="ds3runtime\sprj_wep_gaitem_ins.cpp">
      <Filter>Source Files</Filter>
    </ClCompile>
    <ClCompile Include="ds3runtime\scripts\latency_simulator.cpp">
      <Filter>Source Files</Filter>
    </ClCompile>
    <ClCompile Include="ds3runtime\game_packet.cpp">
      <Filter>Source Files</Filter>
    </ClCompile>
    <ClCompile Include="ds3runtime\scripts\animation_id_handler.cpp">
      <Filter>Source Files</Filter>
    </ClCompile>
    <ClCompile Include="ds3runtime\hooks\throw_hook.cpp">
      <Filter>Source Files</Filter>
    </ClCompile>
    <ClCompile Include="ds3runtime\scripts\hotkey_manager.cpp">
      <Filter>Source Files</Filter>
    </ClCompile>
    <ClCompile Include="ds3runtime\misc_functions.cpp">
      <Filter>Source Files</Filter>
    </ClCompile>
    <ClCompile Include="ds3runtime\scripts\param_patcher.cpp">
      <Filter>Source Files</Filter>
    </ClCompile>
    <ClCompile Include="dist\pugixml.cpp">
      <Filter>Source Files</Filter>
    </ClCompile>
    <ClCompile Include="ds3runtime\scripts\king_crimson_protections.cpp">
      <Filter>Source Files</Filter>
    </ClCompile>
    <ClCompile Include="ds3runtime\scripts\reversal_ring_test.cpp">
      <Filter>Source Files</Filter>
    </ClCompile>
    <ClCompile Include="ds3runtime\scripts\reversal_ring_test_send.cpp">
      <Filter>Source Files</Filter>
    </ClCompile>
    <ClCompile Include="ds3runtime\hooks\sprj_chr_damage_module_hook.cpp">
      <Filter>Source Files</Filter>
    </ClCompile>
    <ClCompile Include="ds3runtime\scripts\dynamic_pvp_patch.cpp">
      <Filter>Source Files</Filter>
    </ClCompile>
    <ClCompile Include="ds3runtime\world_chr_man.cpp">
      <Filter>Source Files</Filter>
    </ClCompile>
    <ClCompile Include="ds3runtime\boss\ariandar_boss.cpp">
      <Filter>Source Files</Filter>
    </ClCompile>
    <ClCompile Include="ds3runtime\boss\standard_player_boss.cpp">
      <Filter>Source Files</Filter>
    </ClCompile>
    <ClCompile Include="ds3runtime\sprj_lua_event_condition_item.cpp">
      <Filter>Source Files</Filter>
    </ClCompile>
    <ClCompile Include="ds3runtime\scripts\face_data_capture.cpp">
      <Filter>Source Files</Filter>
    </ClCompile>
    <ClCompile Include="ds3runtime\scripts\bonk_sound_cosmetic.cpp">
      <Filter>Source Files</Filter>
    </ClCompile>
    <ClCompile Include="ds3runtime\equip_game_data.cpp">
      <Filter>Source Files</Filter>
    </ClCompile>
    <ClCompile Include="ds3runtime\scripts\imposter_sound_cosmetic.cpp">
      <Filter>Source Files</Filter>
    </ClCompile>
    <ClCompile Include="ds3runtime\scripts\fmod_system_handler.cpp">
      <Filter>Source Files</Filter>
    </ClCompile>
    <ClCompile Include="ds3runtime\scripts\repeat_players_filter.cpp">
      <Filter>Source Files</Filter>
    </ClCompile>
    <ClCompile Include="ds3runtime\scripts\npc_mod_test.cpp">
      <Filter>Source Files</Filter>
    </ClCompile>
    <ClCompile Include="ds3runtime\player_game_data.cpp">
      <Filter>Source Files</Filter>
    </ClCompile>
    <ClCompile Include="ds3runtime\game_data_man.cpp">
      <Filter>Source Files</Filter>
    </ClCompile>
    <ClCompile Include="ds3runtime\equip_inventory_data.cpp">
      <Filter>Source Files</Filter>
    </ClCompile>
    <ClCompile Include="ds3runtime\sprj_chr_data_module.cpp">
      <Filter>Source Files</Filter>
    </ClCompile>
    <ClCompile Include="ds3runtime\scripts\player_name_talk.cpp">
      <Filter>Source Files</Filter>
    </ClCompile>
    <ClCompile Include="ds3runtime\scripts\damage_update_test.cpp">
      <Filter>Source Files</Filter>
    </ClCompile>
    <ClCompile Include="ds3runtime\scripts\position_hide.cpp">
      <Filter>Source Files</Filter>
    </ClCompile>
    <ClCompile Include="ds3runtime\sprj_chr_damage_module.cpp">
      <Filter>Source Files</Filter>
    </ClCompile>
    <ClCompile Include="ds3runtime\scripts\interrupt_attacks.cpp">
      <Filter>Source Files</Filter>
    </ClCompile>
    <ClCompile Include="ds3runtime\game_option_man.cpp">
      <Filter>Source Files</Filter>
    </ClCompile>
  </ItemGroup>
</Project>