<?xml version="1.0" encoding="utf-8"?>
<Project ToolsVersion="4.0" xmlns="http://schemas.microsoft.com/developer/msbuild/2003">
  <ItemGroup>
    <Filter Include="Source Files">
      <UniqueIdentifier>{4FC737F1-C7A5-4376-A066-2A32D752A2FF}</UniqueIdentifier>
      <Extensions>cpp;c;cc;cxx;c++;cppm;ixx;def;odl;idl;hpj;bat;asm;asmx</Extensions>
    </Filter>
    <Filter Include="Header Files">
      <UniqueIdentifier>{93995380-89BD-4b04-88EB-625FBE52EBFB}</UniqueIdentifier>
      <Extensions>h;hh;hpp;hxx;h++;hm;inl;inc;ipp;xsd</Extensions>
    </Filter>
    <Filter Include="Resource Files">
      <UniqueIdentifier>{67DA6AB6-F800-4c08-8B7A-83BB121AAD01}</UniqueIdentifier>
      <Extensions>rc;ico;cur;bmp;dlg;rc2;rct;bin;rgs;gif;jpg;jpeg;jpe;resx;tiff;tif;png;wav;mfcribbon-ms</Extensions>
    </Filter>
  </ItemGroup>
  <ItemGroup>
    <ClInclude Include="pch.h">
      <Filter>Header Files</Filter>
    </ClInclude>
    <ClInclude Include="ds3runtime\databaseaddress.h">
      <Filter>Header Files</Filter>
    </ClInclude>
    <ClInclude Include="ds3runtime\ds3runtime.h">
      <Filter>Header Files</Filter>
    </ClInclude>
    <ClInclude Include="ds3runtime\memory_util.h">
      <Filter>Header Files</Filter>
    </ClInclude>
    <ClInclude Include="ds3runtime\script_module.h">
      <Filter>Header Files</Filter>
    </ClInclude>
    <ClInclude Include="ds3runtime\async_module.h">
      <Filter>Header Files</Filter>
    </ClInclude>
    <ClInclude Include="ds3runtime\hooks\game_frame_hook.h">
      <Filter>Header Files</Filter>
    </ClInclude>
    <ClInclude Include="ds3runtime\hook.h">
      <Filter>Header Files</Filter>
    </ClInclude>
    <ClInclude Include="ds3runtime\hooks\lua_capture.h">
      <Filter>Header Files</Filter>
    </ClInclude>
    <ClInclude Include="ds3runtime\hooks\animation_id_hook.h">
      <Filter>Header Files</Filter>
    </ClInclude>
    <ClInclude Include="ds3runtime\chr_ins.h">
      <Filter>Header Files</Filter>
    </ClInclude>
    <ClInclude Include="ds3runtime\player_ins.h">
      <Filter>Header Files</Filter>
    </ClInclude>
    <ClInclude Include="ds3runtime\sprj_bullet_state.h">
      <Filter>Header Files</Filter>
    </ClInclude>
    <ClInclude Include="ds3runtime\bullet_spawn.h">
      <Filter>Header Files</Filter>
    </ClInclude>
    <ClInclude Include="ds3runtime\scripts\sync_call_script.h">
      <Filter>Header Files</Filter>
    </ClInclude>
    <ClInclude Include="ds3runtime\player_network_session.h">
      <Filter>Header Files</Filter>
    </ClInclude>
    <ClInclude Include="ds3runtime\hooks\session_receive_hook.h">
      <Filter>Header Files</Filter>
    </ClInclude>
    <ClInclude Include="ds3runtime\scripts\king_crimson_protections.h">
      <Filter>Header Files</Filter>
    </ClInclude>
    <ClInclude Include="ds3runtime\packet.h">
      <Filter>Header Files</Filter>
    </ClInclude>
    <ClInclude Include="ds3runtime\boss\boss.h">
      <Filter>Header Files</Filter>
    </ClInclude>
    <ClInclude Include="ds3runtime\boss\player_boss.h">
      <Filter>Header Files</Filter>
    </ClInclude>
    <ClInclude Include="ds3runtime\hooks\session_send_hook.h">
      <Filter>Header Files</Filter>
    </ClInclude>
    <ClInclude Include="ds3runtime\hooks\play_animation_hook.h">
      <Filter>Header Files</Filter>
    </ClInclude>
    <ClInclude Include="ds3runtime\sprj_session_manager.h">
      <Filter>Header Files</Filter>
    </ClInclude>
    <ClInclude Include="ds3runtime\sprj_gaitem_ins.h">
      <Filter>Header Files</Filter>
    </ClInclude>
    <ClInclude Include="ds3runtime\sprj_gaitem_imp.h">
      <Filter>Header Files</Filter>
    </ClInclude>
    <ClInclude Include="ds3runtime\sprj_wep_gaitem_ins.h">
      <Filter>Header Files</Filter>
    </ClInclude>
    <ClInclude Include="ds3runtime\scripts\latency_simulator.h">
      <Filter>Header Files</Filter>
    </ClInclude>
  </ItemGroup>
  <ItemGroup>
    <ClCompile Include="pch.cpp">
      <Filter>Source Files</Filter>
    </ClCompile>
    <ClCompile Include="main.cpp">
      <Filter>Source Files</Filter>
    </ClCompile>
    <ClCompile Include="ds3runtime\ds3runtime.cpp">
      <Filter>Source Files</Filter>
    </ClCompile>
    <ClCompile Include="ds3runtime\databaseaddress.cpp">
      <Filter>Source Files</Filter>
    </ClCompile>
    <ClCompile Include="ds3runtime\script_module.cpp">
      <Filter>Source Files</Filter>
    </ClCompile>
    <ClCompile Include="ds3runtime\async_module.cpp">
      <Filter>Source Files</Filter>
    </ClCompile>
    <ClCompile Include="ds3runtime\hooks\game_frame_hook.cpp">
      <Filter>Source Files</Filter>
    </ClCompile>
    <ClCompile Include="ds3runtime\hook.cpp">
      <Filter>Source Files</Filter>
    </ClCompile>
    <ClCompile Include="ds3runtime\hooks\lua_capture.cpp">
      <Filter>Source Files</Filter>
    </ClCompile>
    <ClCompile Include="ds3runtime\hooks\animation_id_hook.cpp">
      <Filter>Source Files</Filter>
    </ClCompile>
    <ClCompile Include="ds3runtime\chr_ins.cpp">
      <Filter>Source Files</Filter>
    </ClCompile>
    <ClCompile Include="ds3runtime\player_ins.cpp">
      <Filter>Source Files</Filter>
    </ClCompile>
    <ClCompile Include="ds3runtime\sprj_bullet_state.cpp">
      <Filter>Source Files</Filter>
    </ClCompile>
    <ClCompile Include="ds3runtime\bullet_spawn.cpp">
      <Filter>Source Files</Filter>
    </ClCompile>
    <ClCompile Include="ds3runtime\scripts\sync_call_script.cpp">
      <Filter>Source Files</Filter>
    </ClCompile>
    <ClCompile Include="ds3runtime\player_network_session.cpp">
      <Filter>Source Files</Filter>
    </ClCompile>
    <ClCompile Include="ds3runtime\hooks\session_receive_hook.cpp">
      <Filter>Source Files</Filter>
    </ClCompile>
    <ClCompile Include="ds3runtime\scripts\king_crimson_protections.cpp">
      <Filter>Source Files</Filter>
    </ClCompile>
    <ClCompile Include="ds3runtime\packet.cpp">
      <Filter>Source Files</Filter>
    </ClCompile>
    <ClCompile Include="ds3runtime\boss\boss.cpp">
      <Filter>Source Files</Filter>
    </ClCompile>
    <ClCompile Include="ds3runtime\boss\player_boss.cpp">
      <Filter>Source Files</Filter>
    </ClCompile>
    <ClCompile Include="ds3runtime\hooks\session_send_hook.cpp">
      <Filter>Source Files</Filter>
    </ClCompile>
    <ClCompile Include="ds3runtime\hooks\play_animation_hook.cpp">
      <Filter>Source Files</Filter>
    </ClCompile>
    <ClCompile Include="ds3runtime\sprj_session_manager.cpp">
      <Filter>Source Files</Filter>
    </ClCompile>
    <ClCompile Include="ds3runtime\sprj_gaitem_ins.cpp">
      <Filter>Source Files</Filter>
    </ClCompile>
    <ClCompile Include="ds3runtime\sprj_gaitem_imp.cpp">
      <Filter>Source Files</Filter>
    </ClCompile>
    <ClCompile Include="ds3runtime\sprj_wep_gaitem_ins.cpp">
      <Filter>Source Files</Filter>
    </ClCompile>
    <ClCompile Include="ds3runtime\scripts\latency_simulator.cpp">
      <Filter>Source Files</Filter>
    </ClCompile>
  </ItemGroup>
</Project>